{
  "version": 4,
  "terraform_version": "1.14.6",
  "serial": 172,
  "lineage": "5e0a07e0-1169-0008-4470-456cf43f73e2",
  "outputs": {
    "dynamodb_table_name": {
      "value": "connected-car-road-conditions-table",
      "type": "string"
    },
    "ecs_cluster_name": {
      "value": "connected-car-cluster",
      "type": "string"
    },
    "ecs_task_execution_role_arn": {
      "value": "arn:aws:iam::136770600242:role/connected-car-ecs-task-execution-role",
      "type": "string"
    },
    "ecs_tasks_log_group_name": {
      "value": "/aws/ecs/connected-car-tasks",
      "type": "string"
    },
    "ingest_api_ecr_url": {
      "value": "136770600242.dkr.ecr.eu-central-1.amazonaws.com/connected-car-ingest-api",
      "type": "string"
    },
    "private_subnet_ids": {
      "value": [
        "subnet-076ae97e7d57a0248",
        "subnet-0d0e516d7db3cb556"
      ],
      "type": [
        "tuple",
        [
          "string",
          "string"
        ]
      ]
    },
    "processor_ecr_url": {
      "value": "136770600242.dkr.ecr.eu-central-1.amazonaws.com/connected-car-processor",
      "type": "string"
    },
    "public_subnet_ids": {
      "value": [
        "subnet-05f39788a6173be92",
        "subnet-014a53c97826eaf9c"
      ],
      "type": [
        "tuple",
        [
          "string",
          "string"
        ]
      ]
    },
    "simulator_ecr_url": {
      "value": "136770600242.dkr.ecr.eu-central-1.amazonaws.com/connected-car-simulator",
      "type": "string"
    },
    "vpc_id": {
      "value": "vpc-0f74c1aa442674ace",
      "type": "string"
    }
  },
  "resources": [
    {
      "mode": "managed",
      "type": "aws_cloudwatch_log_group",
      "name": "ecs_tasks_log_group",
      "provider": "provider[\"registry.terraform.io/hashicorp/aws\"]",
      "instances": [
        {
          "schema_version": 0,
          "attributes": {
            "arn": "arn:aws:logs:eu-central-1:136770600242:log-group:/aws/ecs/connected-car-tasks",
            "id": "/aws/ecs/connected-car-tasks",
            "kms_key_id": "",
            "log_group_class": "STANDARD",
            "name": "/aws/ecs/connected-car-tasks",
            "name_prefix": "",
            "retention_in_days": 7,
            "skip_destroy": false,
            "tags": {
              "Environment": "Development",
              "Project": "var.project_name"
            },
            "tags_all": {
              "Environment": "Development",
              "Project": "var.project_name"
            }
          },
          "sensitive_attributes": [],
          "identity_schema_version": 0,
          "private": "bnVsbA=="
        }
      ]
    },
    {
      "mode": "managed",
      "type": "aws_dynamodb_table",
      "name": "road_conditions",
      "provider": "provider[\"registry.terraform.io/hashicorp/aws\"]",
      "instances": [
        {
          "schema_version": 1,
          "attributes": {
            "arn": "arn:aws:dynamodb:eu-central-1:136770600242:table/connected-car-road-conditions-table",
            "attribute": [
              {
                "name": "region",
                "type": "S"
              },
              {
                "name": "timestamp",
                "type": "N"
              }
            ],
            "billing_mode": "PAY_PER_REQUEST",
            "deletion_protection_enabled": false,
            "global_secondary_index": [],
            "hash_key": "region",
            "id": "connected-car-road-conditions-table",
            "import_table": [],
            "local_secondary_index": [],
            "name": "connected-car-road-conditions-table",
            "on_demand_throughput": [],
            "point_in_time_recovery": [
              {
                "enabled": false,
                "recovery_period_in_days": 0
              }
            ],
            "range_key": "timestamp",
            "read_capacity": 0,
            "replica": [],
            "restore_date_time": null,
            "restore_source_name": null,
            "restore_source_table_arn": null,
            "restore_to_latest_time": null,
            "server_side_encryption": [],
            "stream_arn": "",
            "stream_enabled": false,
            "stream_label": "",
            "stream_view_type": "",
            "table_class": "STANDARD",
            "tags": {
              "Environment": "Development",
              "Name": "connected-car-road-conditions-table",
              "Project": "connected-car"
            },
            "tags_all": {
              "Environment": "Development",
              "Name": "connected-car-road-conditions-table",
              "Project": "connected-car"
            },
            "timeouts": null,
            "ttl": [
              {
                "attribute_name": "",
                "enabled": false
              }
            ],
            "write_capacity": 0
          },
          "sensitive_attributes": [],
          "identity_schema_version": 0,
          "private": "eyJlMmJmYjczMC1lY2FhLTExZTYtOGY4OC0zNDM2M2JjN2M0YzAiOnsiY3JlYXRlIjoxODAwMDAwMDAwMDAwLCJkZWxldGUiOjYwMDAwMDAwMDAwMCwidXBkYXRlIjozNjAwMDAwMDAwMDAwfSwic2NoZW1hX3ZlcnNpb24iOiIxIn0="
        }
      ]
    },
    {
      "mode": "managed",
      "type": "aws_ecr_repository",
      "name": "ingest_api",
      "provider": "provider[\"registry.terraform.io/hashicorp/aws\"]",
      "instances": [
        {
          "schema_version": 0,
          "attributes": {
            "arn": "arn:aws:ecr:eu-central-1:136770600242:repository/connected-car-ingest-api",
            "encryption_configuration": [
              {
                "encryption_type": "AES256",
                "kms_key": ""
              }
            ],
            "force_delete": null,
            "id": "connected-car-ingest-api",
            "image_scanning_configuration": [
              {
                "scan_on_push": true
              }
            ],
            "image_tag_mutability": "MUTABLE",
            "name": "connected-car-ingest-api",
            "registry_id": "136770600242",
            "repository_url": "136770600242.dkr.ecr.eu-central-1.amazonaws.com/connected-car-ingest-api",
            "tags": {
              "Environment": "Development",
              "Name": "connected-car-ingest-api",
              "Project": "var.project_name"
            },
            "tags_all": {
              "Environment": "Development",
              "Name": "connected-car-ingest-api",
              "Project": "var.project_name"
            },
            "timeouts": null
          },
          "sensitive_attributes": [],
          "identity_schema_version": 0,
          "private": "eyJlMmJmYjczMC1lY2FhLTExZTYtOGY4OC0zNDM2M2JjN2M0YzAiOnsiZGVsZXRlIjoxMjAwMDAwMDAwMDAwfX0="
        }
      ]
    },
    {
      "mode": "managed",
      "type": "aws_ecr_repository",
      "name": "processor",
      "provider": "provider[\"registry.terraform.io/hashicorp/aws\"]",
      "instances": [
        {
          "schema_version": 0,
          "attributes": {
            "arn": "arn:aws:ecr:eu-central-1:136770600242:repository/connected-car-processor",
            "encryption_configuration": [
              {
                "encryption_type": "AES256",
                "kms_key": ""
              }
            ],
            "force_delete": null,
            "id": "connected-car-processor",
            "image_scanning_configuration": [
              {
                "scan_on_push": true
              }
            ],
            "image_tag_mutability": "MUTABLE",
            "name": "connected-car-processor",
            "registry_id": "136770600242",
            "repository_url": "136770600242.dkr.ecr.eu-central-1.amazonaws.com/connected-car-processor",
            "tags": {
              "Environment": "Development",
              "Name": "connected-car-processor",
              "Project": "var.project_name"
            },
            "tags_all": {
              "Environment": "Development",
              "Name": "connected-car-processor",
              "Project": "var.project_name"
            },
            "timeouts": null
          },
          "sensitive_attributes": [],
          "identity_schema_version": 0,
          "private": "eyJlMmJmYjczMC1lY2FhLTExZTYtOGY4OC0zNDM2M2JjN2M0YzAiOnsiZGVsZXRlIjoxMjAwMDAwMDAwMDAwfX0="
        }
      ]
    },
    {
      "mode": "managed",
      "type": "aws_ecr_repository",
      "name": "simulator",
      "provider": "provider[\"registry.terraform.io/hashicorp/aws\"]",
      "instances": [
        {
          "schema_version": 0,
          "attributes": {
            "arn": "arn:aws:ecr:eu-central-1:136770600242:repository/connected-car-simulator",
            "encryption_configuration": [
              {
                "encryption_type": "AES256",
                "kms_key": ""
              }
            ],
            "force_delete": null,
            "id": "connected-car-simulator",
            "image_scanning_configuration": [
              {
                "scan_on_push": true
              }
            ],
            "image_tag_mutability": "MUTABLE",
            "name": "connected-car-simulator",
            "registry_id": "136770600242",
            "repository_url": "136770600242.dkr.ecr.eu-central-1.amazonaws.com/connected-car-simulator",
            "tags": {
              "Environment": "Development",
              "Name": "connected-car-simulator",
              "Project": "var.project_name"
            },
            "tags_all": {
              "Environment": "Development",
              "Name": "connected-car-simulator",
              "Project": "var.project_name"
            },
            "timeouts": null
          },
          "sensitive_attributes": [],
          "identity_schema_version": 0,
          "private": "eyJlMmJmYjczMC1lY2FhLTExZTYtOGY4OC0zNDM2M2JjN2M0YzAiOnsiZGVsZXRlIjoxMjAwMDAwMDAwMDAwfX0="
        }
      ]
    },
    {
      "mode": "managed",
      "type": "aws_ecs_cluster",
      "name": "connected_car_cluster",
      "provider": "provider[\"registry.terraform.io/hashicorp/aws\"]",
      "instances": [
        {
          "schema_version": 0,
          "attributes": {
            "arn": "arn:aws:ecs:eu-central-1:136770600242:cluster/connected-car-cluster",
            "configuration": [],
            "id": "arn:aws:ecs:eu-central-1:136770600242:cluster/connected-car-cluster",
            "name": "connected-car-cluster",
            "service_connect_defaults": [],
            "setting": [
              {
                "name": "containerInsights",
                "value": "enabled"
              }
            ],
            "tags": {
              "Environment": "Development",
              "ManagedBy": "Terraform",
              "Name": "connected-car-cluster",
              "Project": "var.project_name"
            },
            "tags_all": {
              "Environment": "Development",
              "ManagedBy": "Terraform",
              "Name": "connected-car-cluster",
              "Project": "var.project_name"
            }
          },
          "sensitive_attributes": [],
          "identity_schema_version": 0,
          "private": "bnVsbA=="
        }
      ]
    },
    {
      "mode": "managed",
      "type": "aws_ecs_service",
      "name": "ingest_api_service",
      "provider": "provider[\"registry.terraform.io/hashicorp/aws\"]",
      "instances": [
        {
          "schema_version": 1,
          "attributes": {
            "alarms": [],
            "availability_zone_rebalancing": "DISABLED",
            "capacity_provider_strategy": [],
            "cluster": "arn:aws:ecs:eu-central-1:136770600242:cluster/connected-car-cluster",
            "deployment_circuit_breaker": [
              {
                "enable": false,
                "rollback": false
              }
            ],
            "deployment_controller": [
              {
                "type": "ECS"
              }
            ],
            "deployment_maximum_percent": 200,
            "deployment_minimum_healthy_percent": 100,
            "desired_count": 1,
            "enable_ecs_managed_tags": false,
            "enable_execute_command": false,
            "force_delete": null,
            "force_new_deployment": null,
            "health_check_grace_period_seconds": 0,
            "iam_role": "/aws-service-role/ecs.amazonaws.com/AWSServiceRoleForECS",
            "id": "arn:aws:ecs:eu-central-1:136770600242:service/connected-car-cluster/connected-car-ingest-api-service",
            "launch_type": "FARGATE",
            "load_balancer": [
              {
                "container_name": "ingest-api-container",
                "container_port": 8080,
                "elb_name": "",
                "target_group_arn": "arn:aws:elasticloadbalancing:eu-central-1:136770600242:targetgroup/connected-car-ingest-api-tg/19940d98d68234ff"
              }
            ],
            "name": "connected-car-ingest-api-service",
            "network_configuration": [
              {
                "assign_public_ip": true,
                "security_groups": [
                  "sg-0866cc45b0efaf6c6"
                ],
                "subnets": [
                  "subnet-014a53c97826eaf9c",
                  "subnet-05f39788a6173be92"
                ]
              }
            ],
            "ordered_placement_strategy": [],
            "placement_constraints": [],
            "platform_version": "LATEST",
            "propagate_tags": "NONE",
            "scheduling_strategy": "REPLICA",
            "service_connect_configuration": [],
            "service_registries": [],
            "tags": {},
            "tags_all": {},
            "task_definition": "arn:aws:ecs:eu-central-1:136770600242:task-definition/connected-car-ingest-api:4",
            "timeouts": null,
            "triggers": {},
            "volume_configuration": [],
            "vpc_lattice_configurations": [],
            "wait_for_steady_state": false
          },
          "sensitive_attributes": [],
          "identity_schema_version": 0,
          "private": "eyJlMmJmYjczMC1lY2FhLTExZTYtOGY4OC0zNDM2M2JjN2M0YzAiOnsiY3JlYXRlIjoxMjAwMDAwMDAwMDAwLCJkZWxldGUiOjEyMDAwMDAwMDAwMDAsInVwZGF0ZSI6MTIwMDAwMDAwMDAwMH0sInNjaGVtYV92ZXJzaW9uIjoiMSJ9",
          "dependencies": [
            "aws_cloudwatch_log_group.ecs_tasks_log_group",
            "aws_ecr_repository.ingest_api",
            "aws_ecs_cluster.connected_car_cluster",
            "aws_ecs_task_definition.ingest_api_task",
            "aws_iam_role.ecs_task_execution_role",
            "aws_iam_role.ecs_task_role",
            "aws_lb.application_load_balancer",
            "aws_lb_listener.http_alb_listener",
            "aws_lb_target_group.ingest_api_target_group",
            "aws_security_group.alb_security_group",
            "aws_security_group.ecs_service",
            "aws_sqs_queue.sensor_queue",
            "aws_subnet.connected_car_public_subnet",
            "aws_vpc.connected_car_vpc"
          ]
        }
      ]
    },
    {
      "mode": "managed",
      "type": "aws_ecs_service",
      "name": "processor_service",
      "provider": "provider[\"registry.terraform.io/hashicorp/aws\"]",
      "instances": [
        {
          "schema_version": 1,
          "attributes": {
            "alarms": [],
            "availability_zone_rebalancing": "DISABLED",
            "capacity_provider_strategy": [],
            "cluster": "arn:aws:ecs:eu-central-1:136770600242:cluster/connected-car-cluster",
            "deployment_circuit_breaker": [
              {
                "enable": false,
                "rollback": false
              }
            ],
            "deployment_controller": [
              {
                "type": "ECS"
              }
            ],
            "deployment_maximum_percent": 200,
            "deployment_minimum_healthy_percent": 100,
            "desired_count": 1,
            "enable_ecs_managed_tags": false,
            "enable_execute_command": false,
            "force_delete": null,
            "force_new_deployment": null,
            "health_check_grace_period_seconds": 0,
            "iam_role": "/aws-service-role/ecs.amazonaws.com/AWSServiceRoleForECS",
            "id": "arn:aws:ecs:eu-central-1:136770600242:service/connected-car-cluster/connected-car-processor-service",
            "launch_type": "FARGATE",
            "load_balancer": [],
            "name": "connected-car-processor-service",
            "network_configuration": [
              {
                "assign_public_ip": false,
                "security_groups": [
                  "sg-0866cc45b0efaf6c6"
                ],
                "subnets": [
                  "subnet-076ae97e7d57a0248",
                  "subnet-0d0e516d7db3cb556"
                ]
              }
            ],
            "ordered_placement_strategy": [],
            "placement_constraints": [],
            "platform_version": "LATEST",
            "propagate_tags": "NONE",
            "scheduling_strategy": "REPLICA",
            "service_connect_configuration": [],
            "service_registries": [],
            "tags": {},
            "tags_all": {},
            "task_definition": "arn:aws:ecs:eu-central-1:136770600242:task-definition/connected-car-processor:3",
            "timeouts": null,
            "triggers": {},
            "volume_configuration": [],
            "vpc_lattice_configurations": [],
            "wait_for_steady_state": false
          },
          "sensitive_attributes": [],
          "identity_schema_version": 0,
          "private": "eyJlMmJmYjczMC1lY2FhLTExZTYtOGY4OC0zNDM2M2JjN2M0YzAiOnsiY3JlYXRlIjoxMjAwMDAwMDAwMDAwLCJkZWxldGUiOjEyMDAwMDAwMDAwMDAsInVwZGF0ZSI6MTIwMDAwMDAwMDAwMH0sInNjaGVtYV92ZXJzaW9uIjoiMSJ9",
          "dependencies": [
            "aws_cloudwatch_log_group.ecs_tasks_log_group",
            "aws_dynamodb_table.road_conditions",
            "aws_ecr_repository.processor",
            "aws_ecs_cluster.connected_car_cluster",
            "aws_ecs_task_definition.processor_task",
            "aws_iam_role.ecs_task_execution_role",
            "aws_security_group.alb_security_group",
            "aws_security_group.ecs_service",
            "aws_sqs_queue.sensor_queue",
            "aws_subnet.connected_car_private_subnet",
            "aws_vpc.connected_car_vpc"
          ]
        }
      ]
    },
    {
      "mode": "managed",
      "type": "aws_ecs_service",
      "name": "simulation_service",
      "provider": "provider[\"registry.terraform.io/hashicorp/aws\"]",
      "instances": [
        {
          "schema_version": 1,
          "attributes": {
            "alarms": [],
            "availability_zone_rebalancing": "DISABLED",
            "capacity_provider_strategy": [],
            "cluster": "arn:aws:ecs:eu-central-1:136770600242:cluster/connected-car-cluster",
            "deployment_circuit_breaker": [
              {
                "enable": false,
                "rollback": false
              }
            ],
            "deployment_controller": [
              {
                "type": "ECS"
              }
            ],
            "deployment_maximum_percent": 200,
            "deployment_minimum_healthy_percent": 100,
            "desired_count": 1,
            "enable_ecs_managed_tags": false,
            "enable_execute_command": false,
            "force_delete": null,
            "force_new_deployment": null,
            "health_check_grace_period_seconds": 0,
            "iam_role": "/aws-service-role/ecs.amazonaws.com/AWSServiceRoleForECS",
            "id": "arn:aws:ecs:eu-central-1:136770600242:service/connected-car-cluster/connected-car-simulation-service",
            "launch_type": "FARGATE",
            "load_balancer": [],
            "name": "connected-car-simulation-service",
            "network_configuration": [
              {
                "assign_public_ip": false,
                "security_groups": [
                  "sg-0866cc45b0efaf6c6"
                ],
                "subnets": [
                  "subnet-076ae97e7d57a0248",
                  "subnet-0d0e516d7db3cb556"
                ]
              }
            ],
            "ordered_placement_strategy": [],
            "placement_constraints": [],
            "platform_version": "LATEST",
            "propagate_tags": "NONE",
            "scheduling_strategy": "REPLICA",
            "service_connect_configuration": [],
            "service_registries": [],
            "tags": {},
            "tags_all": {},
            "task_definition": "arn:aws:ecs:eu-central-1:136770600242:task-definition/connected-car-simulation:5",
            "timeouts": null,
            "triggers": {},
            "volume_configuration": [],
            "vpc_lattice_configurations": [],
            "wait_for_steady_state": false
          },
          "sensitive_attributes": [],
          "identity_schema_version": 0,
          "private": "eyJlMmJmYjczMC1lY2FhLTExZTYtOGY4OC0zNDM2M2JjN2M0YzAiOnsiY3JlYXRlIjoxMjAwMDAwMDAwMDAwLCJkZWxldGUiOjEyMDAwMDAwMDAwMDAsInVwZGF0ZSI6MTIwMDAwMDAwMDAwMH0sInNjaGVtYV92ZXJzaW9uIjoiMSJ9",
          "dependencies": [
            "aws_cloudwatch_log_group.ecs_tasks_log_group",
            "aws_ecr_repository.simulator",
            "aws_ecs_cluster.connected_car_cluster",
            "aws_ecs_task_definition.simulation_task",
            "aws_iam_role.ecs_task_execution_role",
            "aws_lb.application_load_balancer",
            "aws_security_group.alb_security_group",
            "aws_security_group.ecs_service",
            "aws_subnet.connected_car_private_subnet",
            "aws_subnet.connected_car_public_subnet",
            "aws_vpc.connected_car_vpc"
          ]
        }
      ]
    },
    {
      "mode": "managed",
      "type": "aws_ecs_task_definition",
      "name": "ingest_api_task",
      "provider": "provider[\"registry.terraform.io/hashicorp/aws\"]",
      "instances": [
        {
          "schema_version": 1,
          "attributes": {
            "arn": "arn:aws:ecs:eu-central-1:136770600242:task-definition/connected-car-ingest-api:4",
            "arn_without_revision": "arn:aws:ecs:eu-central-1:136770600242:task-definition/connected-car-ingest-api",
            "container_definitions": "[{\"environment\":[{\"name\":\"AWS_REGION\",\"value\":\"eu-central-1\"},{\"name\":\"SQS_QUEUE_URL\",\"value\":\"https://sqs.eu-central-1.amazonaws.com/136770600242/connected-car-sensor-data-queue\"}],\"essential\":true,\"image\":\"136770600242.dkr.ecr.eu-central-1.amazonaws.com/connected-car-ingest-api:latest\",\"logConfiguration\":{\"logDriver\":\"awslogs\",\"options\":{\"awslogs-region\":\"eu-central-1\",\"awslogs-stream-prefix\":\"ingest-api\",\"awslogs-group\":\"/aws/ecs/connected-car-tasks\"}},\"mountPoints\":[],\"name\":\"ingest-api-container\",\"portMappings\":[{\"containerPort\":8080,\"hostPort\":8080,\"protocol\":\"tcp\"}],\"systemControls\":[],\"volumesFrom\":[]}]",
            "cpu": "256",
            "enable_fault_injection": false,
            "ephemeral_storage": [],
            "execution_role_arn": "arn:aws:iam::136770600242:role/connected-car-ecs-task-execution-role",
            "family": "connected-car-ingest-api",
            "id": "connected-car-ingest-api",
            "inference_accelerator": [],
            "ipc_mode": "",
            "memory": "512",
            "network_mode": "awsvpc",
            "pid_mode": "",
            "placement_constraints": [],
            "proxy_configuration": [],
            "requires_compatibilities": [
              "FARGATE"
            ],
            "revision": 4,
            "runtime_platform": [],
            "skip_destroy": false,
            "tags": {
              "Environment": "Development",
              "Project": "connected-car"
            },
            "tags_all": {
              "Environment": "Development",
              "Project": "connected-car"
            },
            "task_role_arn": "arn:aws:iam::136770600242:role/connected-car-ecs-task-role",
            "track_latest": false,
            "volume": []
          },
          "sensitive_attributes": [],
          "identity_schema_version": 0,
          "private": "eyJzY2hlbWFfdmVyc2lvbiI6IjEifQ==",
          "dependencies": [
            "aws_cloudwatch_log_group.ecs_tasks_log_group",
            "aws_ecr_repository.ingest_api",
            "aws_iam_role.ecs_task_execution_role",
            "aws_iam_role.ecs_task_role",
            "aws_sqs_queue.sensor_queue"
          ]
        }
      ]
    },
    {
      "mode": "managed",
      "type": "aws_ecs_task_definition",
      "name": "processor_task",
      "provider": "provider[\"registry.terraform.io/hashicorp/aws\"]",
      "instances": [
        {
          "schema_version": 1,
          "attributes": {
            "arn": "arn:aws:ecs:eu-central-1:136770600242:task-definition/connected-car-processor:3",
            "arn_without_revision": "arn:aws:ecs:eu-central-1:136770600242:task-definition/connected-car-processor",
            "container_definitions": "[{\"environment\":[{\"name\":\"AWS_REGION\",\"value\":\"eu-central-1\"},{\"name\":\"DYNAMODB_TABLE_NAME\",\"value\":\"connected-car-road-conditions-table\"},{\"name\":\"SQS_QUEUE_URL\",\"value\":\"https://sqs.eu-central-1.amazonaws.com/136770600242/connected-car-sensor-data-queue\"}],\"essential\":true,\"image\":\"136770600242.dkr.ecr.eu-central-1.amazonaws.com/connected-car-processor:latest\",\"logConfiguration\":{\"logDriver\":\"awslogs\",\"options\":{\"awslogs-stream-prefix\":\"processor\",\"awslogs-group\":\"/aws/ecs/connected-car-tasks\",\"awslogs-region\":\"eu-central-1\"}},\"mountPoints\":[],\"name\":\"processor-container\",\"portMappings\":[],\"systemControls\":[],\"volumesFrom\":[]}]",
            "cpu": "256",
            "enable_fault_injection": false,
            "ephemeral_storage": [],
            "execution_role_arn": "arn:aws:iam::136770600242:role/connected-car-ecs-task-execution-role",
            "family": "connected-car-processor",
            "id": "connected-car-processor",
            "inference_accelerator": [],
            "ipc_mode": "",
            "memory": "512",
            "network_mode": "awsvpc",
            "pid_mode": "",
            "placement_constraints": [],
            "proxy_configuration": [],
            "requires_compatibilities": [
              "FARGATE"
            ],
            "revision": 3,
            "runtime_platform": [],
            "skip_destroy": false,
            "tags": {
              "Environment": "Development",
              "Project": "var.project_name"
            },
            "tags_all": {
              "Environment": "Development",
              "Project": "var.project_name"
            },
            "task_role_arn": "",
            "track_latest": false,
            "volume": []
          },
          "sensitive_attributes": [],
          "identity_schema_version": 0,
          "private": "eyJzY2hlbWFfdmVyc2lvbiI6IjEifQ==",
          "dependencies": [
            "aws_cloudwatch_log_group.ecs_tasks_log_group",
            "aws_dynamodb_table.road_conditions",
            "aws_ecr_repository.processor",
            "aws_iam_role.ecs_task_execution_role",
            "aws_sqs_queue.sensor_queue"
          ]
        }
      ]
    },
    {
      "mode": "managed",
      "type": "aws_ecs_task_definition",
      "name": "simulation_task",
      "provider": "provider[\"registry.terraform.io/hashicorp/aws\"]",
      "instances": [
        {
          "schema_version": 1,
          "attributes": {
            "arn": "arn:aws:ecs:eu-central-1:136770600242:task-definition/connected-car-simulation:5",
            "arn_without_revision": "arn:aws:ecs:eu-central-1:136770600242:task-definition/connected-car-simulation",
            "container_definitions": "[{\"environment\":[{\"name\":\"INGEST_URL\",\"value\":\"http://connected-car-alb-1301920071.eu-central-1.elb.amazonaws.com/ingest\"}],\"essential\":true,\"image\":\"136770600242.dkr.ecr.eu-central-1.amazonaws.com/connected-car-simulator:latest\",\"logConfiguration\":{\"logDriver\":\"awslogs\",\"options\":{\"awslogs-group\":\"/aws/ecs/connected-car-tasks\",\"awslogs-region\":\"eu-central-1\",\"awslogs-stream-prefix\":\"simulation\"}},\"mountPoints\":[],\"name\":\"simulation-container\",\"portMappings\":[],\"systemControls\":[],\"volumesFrom\":[]}]",
            "cpu": "256",
            "enable_fault_injection": false,
            "ephemeral_storage": [],
            "execution_role_arn": "arn:aws:iam::136770600242:role/connected-car-ecs-task-execution-role",
            "family": "connected-car-simulation",
            "id": "connected-car-simulation",
            "inference_accelerator": [],
            "ipc_mode": "",
            "memory": "512",
            "network_mode": "awsvpc",
            "pid_mode": "",
            "placement_constraints": [],
            "proxy_configuration": [],
            "requires_compatibilities": [
              "FARGATE"
            ],
            "revision": 5,
            "runtime_platform": [],
            "skip_destroy": false,
            "tags": {
              "Environment": "Development",
              "Project": "var.project_name"
            },
            "tags_all": {
              "Environment": "Development",
              "Project": "var.project_name"
            },
            "task_role_arn": "",
            "track_latest": false,
            "volume": []
          },
          "sensitive_attributes": [],
          "identity_schema_version": 0,
          "private": "eyJzY2hlbWFfdmVyc2lvbiI6IjEifQ==",
          "dependencies": [
            "aws_cloudwatch_log_group.ecs_tasks_log_group",
            "aws_ecr_repository.simulator",
            "aws_iam_role.ecs_task_execution_role",
            "aws_lb.application_load_balancer",
            "aws_security_group.alb_security_group",
            "aws_subnet.connected_car_public_subnet",
            "aws_vpc.connected_car_vpc"
          ]
        }
      ]
    },
    {
      "mode": "managed",
      "type": "aws_eip",
      "name": "connected_car_nat_eip",
      "provider": "provider[\"registry.terraform.io/hashicorp/aws\"]",
      "instances": [
        {
          "schema_version": 0,
          "attributes": {
            "address": null,
            "allocation_id": "eipalloc-07e0b205aea4a2a9f",
            "arn": "arn:aws:ec2:eu-central-1:136770600242:elastic-ip/eipalloc-07e0b205aea4a2a9f",
            "associate_with_private_ip": null,
            "association_id": "eipassoc-059403a3aec6f7d33",
            "carrier_ip": "",
            "customer_owned_ip": "",
            "customer_owned_ipv4_pool": "",
            "domain": "vpc",
            "id": "eipalloc-07e0b205aea4a2a9f",
            "instance": "",
            "ipam_pool_id": null,
            "network_border_group": "eu-central-1",
            "network_interface": "eni-07b2041b31e725616",
            "private_dns": "ip-10-0-12-8.eu-central-1.compute.internal",
            "private_ip": "10.0.12.8",
            "ptr_record": "",
            "public_dns": "ec2-3-69-193-186.eu-central-1.compute.amazonaws.com",
            "public_ip": "3.69.193.186",
            "public_ipv4_pool": "amazon",
            "tags": {
              "Environment": "Development",
              "Name": "connected-car-nat-eip",
              "Project": "connected-car"
            },
            "tags_all": {
              "Environment": "Development",
              "Name": "connected-car-nat-eip",
              "Project": "connected-car"
            },
            "timeouts": null,
            "vpc": true
          },
          "sensitive_attributes": [],
          "identity_schema_version": 0,
          "private": "eyJlMmJmYjczMC1lY2FhLTExZTYtOGY4OC0zNDM2M2JjN2M0YzAiOnsiZGVsZXRlIjoxODAwMDAwMDAwMDAsInJlYWQiOjkwMDAwMDAwMDAwMCwidXBkYXRlIjozMDAwMDAwMDAwMDB9fQ=="
        }
      ]
    },
    {
      "mode": "managed",
      "type": "aws_iam_policy",
      "name": "dynamodb_rw",
      "provider": "provider[\"registry.terraform.io/hashicorp/aws\"]",
      "instances": [
        {
          "schema_version": 0,
          "attributes": {
            "arn": "arn:aws:iam::136770600242:policy/connected-car-dynamodb-rw-policy",
            "attachment_count": 1,
            "description": "IAM Policy for read/write access to DynamoDB table for Connected Car project",
            "id": "arn:aws:iam::136770600242:policy/connected-car-dynamodb-rw-policy",
            "name": "connected-car-dynamodb-rw-policy",
            "name_prefix": "",
            "path": "/",
            "policy": "{\"Statement\":[{\"Action\":[\"dynamodb:PutItem\",\"dynamodb:GetItem\",\"dynamodb:UpdateItem\",\"dynamodb:DeleteItem\",\"dynamodb:Query\",\"dynamodb:Scan\"],\"Effect\":\"Allow\",\"Resource\":\"arn:aws:dynamodb:eu-central-1:136770600242:table/connected-car-road-conditions-table\"}],\"Version\":\"2012-10-17\"}",
            "policy_id": "ANPAR7WBJXUZEVQBW2MLH",
            "tags": {},
            "tags_all": {}
          },
          "sensitive_attributes": [],
          "identity_schema_version": 0,
          "private": "bnVsbA==",
          "dependencies": [
            "aws_dynamodb_table.road_conditions"
          ]
        }
      ]
    },
    {
      "mode": "managed",
      "type": "aws_iam_role",
      "name": "ecs_task_execution_role",
      "provider": "provider[\"registry.terraform.io/hashicorp/aws\"]",
      "instances": [
        {
          "schema_version": 0,
          "attributes": {
            "arn": "arn:aws:iam::136770600242:role/connected-car-ecs-task-execution-role",
            "assume_role_policy": "{\"Statement\":[{\"Action\":\"sts:AssumeRole\",\"Effect\":\"Allow\",\"Principal\":{\"Service\":\"ecs-tasks.amazonaws.com\"}}],\"Version\":\"2012-10-17\"}",
            "create_date": "2026-04-12T23:29:06Z",
            "description": "",
            "force_detach_policies": false,
            "id": "connected-car-ecs-task-execution-role",
            "inline_policy": [],
            "managed_policy_arns": [
              "arn:aws:iam::136770600242:policy/connected-car-dynamodb-rw-policy",
              "arn:aws:iam::aws:policy/service-role/AmazonECSTaskExecutionRolePolicy"
            ],
            "max_session_duration": 3600,
            "name": "connected-car-ecs-task-execution-role",
            "name_prefix": "",
            "path": "/",
            "permissions_boundary": "",
            "tags": {
              "Environment": "Development",
              "ManagedBy": "Terraform",
              "Name": "connected-car-ecs-task-execution-role",
              "Project": "var.project_name"
            },
            "tags_all": {
              "Environment": "Development",
              "ManagedBy": "Terraform",
              "Name": "connected-car-ecs-task-execution-role",
              "Project": "var.project_name"
            },
            "unique_id": "AROAR7WBJXUZNSPMPBGA4"
          },
          "sensitive_attributes": [],
          "identity_schema_version": 0,
          "private": "bnVsbA=="
        }
      ]
    },
    {
      "mode": "managed",
      "type": "aws_iam_role",
      "name": "ecs_task_role",
      "provider": "provider[\"registry.terraform.io/hashicorp/aws\"]",
      "instances": [
        {
          "schema_version": 0,
          "attributes": {
            "arn": "arn:aws:iam::136770600242:role/connected-car-ecs-task-role",
            "assume_role_policy": "{\"Statement\":[{\"Action\":\"sts:AssumeRole\",\"Effect\":\"Allow\",\"Principal\":{\"Service\":\"ecs-tasks.amazonaws.com\"}}],\"Version\":\"2012-10-17\"}",
            "create_date": "2026-04-13T15:07:43Z",
            "description": "",
            "force_detach_policies": false,
            "id": "connected-car-ecs-task-role",
            "inline_policy": [
              {
                "name": "connected-car-ecs-task-sqs-policy",
                "policy": "{\"Version\":\"2012-10-17\",\"Statement\":[{\"Action\":[\"sqs:SendMessage\",\"sqs:ReceiveMessage\",\"sqs:GetQueueAttributes\",\"sqs:GetQueueUrl\"],\"Effect\":\"Allow\",\"Resource\":\"arn:aws:sqs:eu-central-1:136770600242:connected-car-sensor-data-queue\"}]}"
              }
            ],
            "managed_policy_arns": [],
            "max_session_duration": 3600,
            "name": "connected-car-ecs-task-role",
            "name_prefix": "",
            "path": "/",
            "permissions_boundary": "",
            "tags": {
              "Environment": "Development",
              "ManagedBy": "Terraform",
              "Name": "connected-car-ecs-task-role",
              "Project": "var.project_name"
            },
            "tags_all": {
              "Environment": "Development",
              "ManagedBy": "Terraform",
              "Name": "connected-car-ecs-task-role",
              "Project": "var.project_name"
            },
            "unique_id": "AROAR7WBJXUZLAJ6YGTAS"
          },
          "sensitive_attributes": [],
          "identity_schema_version": 0,
          "private": "bnVsbA=="
        }
      ]
    },
    {
      "mode": "managed",
      "type": "aws_iam_role_policy",
      "name": "ecs_task_sqs_policy",
      "provider": "provider[\"registry.terraform.io/hashicorp/aws\"]",
      "instances": [
        {
          "schema_version": 0,
          "attributes": {
            "id": "connected-car-ecs-task-role:connected-car-ecs-task-sqs-policy",
            "name": "connected-car-ecs-task-sqs-policy",
            "name_prefix": "",
            "policy": "{\"Version\":\"2012-10-17\",\"Statement\":[{\"Action\":[\"sqs:SendMessage\",\"sqs:ReceiveMessage\",\"sqs:GetQueueAttributes\",\"sqs:GetQueueUrl\"],\"Effect\":\"Allow\",\"Resource\":\"arn:aws:sqs:eu-central-1:136770600242:connected-car-sensor-data-queue\"}]}",
            "role": "connected-car-ecs-task-role"
          },
          "sensitive_attributes": [],
          "identity_schema_version": 0,
          "private": "bnVsbA==",
          "dependencies": [
            "aws_iam_role.ecs_task_role",
            "aws_sqs_queue.sensor_queue"
          ]
        }
      ]
    },
    {
      "mode": "managed",
      "type": "aws_iam_role_policy_attachment",
      "name": "ecs_task_execution_role_policy",
      "provider": "provider[\"registry.terraform.io/hashicorp/aws\"]",
      "instances": [
        {
          "schema_version": 0,
          "attributes": {
            "id": "connected-car-ecs-task-execution-role-20260412232907259100000001",
            "policy_arn": "arn:aws:iam::aws:policy/service-role/AmazonECSTaskExecutionRolePolicy",
            "role": "connected-car-ecs-task-execution-role"
          },
          "sensitive_attributes": [],
          "identity_schema_version": 0,
          "private": "bnVsbA==",
          "dependencies": [
            "aws_iam_role.ecs_task_execution_role"
          ]
        }
      ]
    },
    {
      "mode": "managed",
      "type": "aws_iam_role_policy_attachment",
      "name": "processor_dynamodb_policy",
      "provider": "provider[\"registry.terraform.io/hashicorp/aws\"]",
      "instances": [
        {
          "schema_version": 0,
          "attributes": {
            "id": "connected-car-ecs-task-execution-role-20260412232914508800000002",
            "policy_arn": "arn:aws:iam::136770600242:policy/connected-car-dynamodb-rw-policy",
            "role": "connected-car-ecs-task-execution-role"
          },
          "sensitive_attributes": [],
          "identity_schema_version": 0,
          "private": "bnVsbA==",
          "dependencies": [
            "aws_dynamodb_table.road_conditions",
            "aws_iam_policy.dynamodb_rw",
            "aws_iam_role.ecs_task_execution_role"
          ]
        }
      ]
    },
    {
      "mode": "managed",
      "type": "aws_internet_gateway",
      "name": "connected_car_igw",
      "provider": "provider[\"registry.terraform.io/hashicorp/aws\"]",
      "instances": [
        {
          "schema_version": 0,
          "attributes": {
            "arn": "arn:aws:ec2:eu-central-1:136770600242:internet-gateway/igw-0344e80cd6fb04b99",
            "id": "igw-0344e80cd6fb04b99",
            "owner_id": "136770600242",
            "tags": {
              "Environment": "Development",
              "Name": "connected-car-igw",
              "Project": "connected-car"
            },
            "tags_all": {
              "Environment": "Development",
              "Name": "connected-car-igw",
              "Project": "connected-car"
            },
            "timeouts": null,
            "vpc_id": "vpc-0f74c1aa442674ace"
          },
          "sensitive_attributes": [],
          "identity_schema_version": 0,
          "private": "eyJlMmJmYjczMC1lY2FhLTExZTYtOGY4OC0zNDM2M2JjN2M0YzAiOnsiY3JlYXRlIjoxMjAwMDAwMDAwMDAwLCJkZWxldGUiOjEyMDAwMDAwMDAwMDAsInVwZGF0ZSI6MTIwMDAwMDAwMDAwMH19",
          "dependencies": [
            "aws_vpc.connected_car_vpc"
          ]
        }
      ]
    },
    {
      "mode": "managed",
      "type": "aws_lb",
      "name": "application_load_balancer",
      "provider": "provider[\"registry.terraform.io/hashicorp/aws\"]",
      "instances": [
        {
          "schema_version": 0,
          "attributes": {
            "access_logs": [
              {
                "bucket": "",
                "enabled": false,
                "prefix": ""
              }
            ],
            "arn": "arn:aws:elasticloadbalancing:eu-central-1:136770600242:loadbalancer/app/connected-car-alb/e201d57f59ab4a0f",
            "arn_suffix": "app/connected-car-alb/e201d57f59ab4a0f",
            "client_keep_alive": 3600,
            "connection_logs": [
              {
                "bucket": "",
                "enabled": false,
                "prefix": ""
              }
            ],
            "customer_owned_ipv4_pool": "",
            "desync_mitigation_mode": "defensive",
            "dns_name": "connected-car-alb-1301920071.eu-central-1.elb.amazonaws.com",
            "dns_record_client_routing_policy": null,
            "drop_invalid_header_fields": false,
            "enable_cross_zone_load_balancing": true,
            "enable_deletion_protection": false,
            "enable_http2": true,
            "enable_tls_version_and_cipher_suite_headers": false,
            "enable_waf_fail_open": false,
            "enable_xff_client_port": false,
            "enable_zonal_shift": false,
            "enforce_security_group_inbound_rules_on_private_link_traffic": "",
            "id": "arn:aws:elasticloadbalancing:eu-central-1:136770600242:loadbalancer/app/connected-car-alb/e201d57f59ab4a0f",
            "idle_timeout": 60,
            "internal": false,
            "ip_address_type": "ipv4",
            "ipam_pools": [],
            "load_balancer_type": "application",
            "minimum_load_balancer_capacity": [],
            "name": "connected-car-alb",
            "name_prefix": "",
            "preserve_host_header": false,
            "security_groups": [
              "sg-0f8bc30bc3b0ecf53"
            ],
            "subnet_mapping": [
              {
                "allocation_id": "",
                "ipv6_address": "",
                "outpost_id": "",
                "private_ipv4_address": "",
                "subnet_id": "subnet-014a53c97826eaf9c"
              },
              {
                "allocation_id": "",
                "ipv6_address": "",
                "outpost_id": "",
                "private_ipv4_address": "",
                "subnet_id": "subnet-05f39788a6173be92"
              }
            ],
            "subnets": [
              "subnet-014a53c97826eaf9c",
              "subnet-05f39788a6173be92"
            ],
            "tags": {
              "Environment": "Development",
              "Name": "connected-car-alb",
              "Project": "var.project_name"
            },
            "tags_all": {
              "Environment": "Development",
              "Name": "connected-car-alb",
              "Project": "var.project_name"
            },
            "timeouts": null,
            "vpc_id": "vpc-0f74c1aa442674ace",
            "xff_header_processing_mode": "append",
            "zone_id": "Z215JYRZR1TBD5"
          },
          "sensitive_attributes": [],
          "identity_schema_version": 0,
          "private": "eyJlMmJmYjczMC1lY2FhLTExZTYtOGY4OC0zNDM2M2JjN2M0YzAiOnsiY3JlYXRlIjo2MDAwMDAwMDAwMDAsImRlbGV0ZSI6NjAwMDAwMDAwMDAwLCJ1cGRhdGUiOjYwMDAwMDAwMDAwMH19",
          "dependencies": [
            "aws_security_group.alb_security_group",
            "aws_subnet.connected_car_public_subnet",
            "aws_vpc.connected_car_vpc"
          ]
        }
      ]
    },
    {
      "mode": "managed",
      "type": "aws_lb_listener",
      "name": "http_alb_listener",
      "provider": "provider[\"registry.terraform.io/hashicorp/aws\"]",
      "instances": [
        {
          "schema_version": 0,
          "attributes": {
            "alpn_policy": null,
            "arn": "arn:aws:elasticloadbalancing:eu-central-1:136770600242:listener/app/connected-car-alb/e201d57f59ab4a0f/2881852c642485bf",
            "certificate_arn": null,
            "default_action": [
              {
                "authenticate_cognito": [],
                "authenticate_oidc": [],
                "fixed_response": [],
                "forward": [],
                "order": 1,
                "redirect": [],
                "target_group_arn": "arn:aws:elasticloadbalancing:eu-central-1:136770600242:targetgroup/connected-car-ingest-api-tg/19940d98d68234ff",
                "type": "forward"
              }
            ],
            "id": "arn:aws:elasticloadbalancing:eu-central-1:136770600242:listener/app/connected-car-alb/e201d57f59ab4a0f/2881852c642485bf",
            "load_balancer_arn": "arn:aws:elasticloadbalancing:eu-central-1:136770600242:loadbalancer/app/connected-car-alb/e201d57f59ab4a0f",
            "mutual_authentication": [],
            "port": 80,
            "protocol": "HTTP",
            "routing_http_request_x_amzn_mtls_clientcert_header_name": null,
            "routing_http_request_x_amzn_mtls_clientcert_issuer_header_name": null,
            "routing_http_request_x_amzn_mtls_clientcert_leaf_header_name": null,
            "routing_http_request_x_amzn_mtls_clientcert_serial_number_header_name": null,
            "routing_http_request_x_amzn_mtls_clientcert_subject_header_name": null,
            "routing_http_request_x_amzn_mtls_clientcert_validity_header_name": null,
            "routing_http_request_x_amzn_tls_cipher_suite_header_name": null,
            "routing_http_request_x_amzn_tls_version_header_name": null,
            "routing_http_response_access_control_allow_credentials_header_value": "",
            "routing_http_response_access_control_allow_headers_header_value": "",
            "routing_http_response_access_control_allow_methods_header_value": "",
            "routing_http_response_access_control_allow_origin_header_value": "",
            "routing_http_response_access_control_expose_headers_header_value": "",
            "routing_http_response_access_control_max_age_header_value": "",
            "routing_http_response_content_security_policy_header_value": "",
            "routing_http_response_server_enabled": true,
            "routing_http_response_strict_transport_security_header_value": "",
            "routing_http_response_x_content_type_options_header_value": "",
            "routing_http_response_x_frame_options_header_value": "",
            "ssl_policy": "",
            "tags": {},
            "tags_all": {},
            "tcp_idle_timeout_seconds": null,
            "timeouts": null
          },
          "sensitive_attributes": [],
          "identity_schema_version": 0,
          "private": "eyJlMmJmYjczMC1lY2FhLTExZTYtOGY4OC0zNDM2M2JjN2M0YzAiOnsiY3JlYXRlIjozMDAwMDAwMDAwMDAsInVwZGF0ZSI6MzAwMDAwMDAwMDAwfX0=",
          "dependencies": [
            "aws_lb.application_load_balancer",
            "aws_lb_target_group.ingest_api_target_group",
            "aws_security_group.alb_security_group",
            "aws_subnet.connected_car_public_subnet",
            "aws_vpc.connected_car_vpc"
          ]
        }
      ]
    },
    {
      "mode": "managed",
      "type": "aws_lb_target_group",
      "name": "ingest_api_target_group",
      "provider": "provider[\"registry.terraform.io/hashicorp/aws\"]",
      "instances": [
        {
          "schema_version": 0,
          "attributes": {
            "arn": "arn:aws:elasticloadbalancing:eu-central-1:136770600242:targetgroup/connected-car-ingest-api-tg/19940d98d68234ff",
            "arn_suffix": "targetgroup/connected-car-ingest-api-tg/19940d98d68234ff",
            "connection_termination": null,
            "deregistration_delay": "300",
            "health_check": [
              {
                "enabled": true,
                "healthy_threshold": 2,
                "interval": 30,
                "matcher": "200",
                "path": "/health",
                "port": "traffic-port",
                "protocol": "HTTP",
                "timeout": 5,
                "unhealthy_threshold": 3
              }
            ],
            "id": "arn:aws:elasticloadbalancing:eu-central-1:136770600242:targetgroup/connected-car-ingest-api-tg/19940d98d68234ff",
            "ip_address_type": "ipv4",
            "lambda_multi_value_headers_enabled": false,
            "load_balancer_arns": [
              "arn:aws:elasticloadbalancing:eu-central-1:136770600242:loadbalancer/app/connected-car-alb/e201d57f59ab4a0f"
            ],
            "load_balancing_algorithm_type": "round_robin",
            "load_balancing_anomaly_mitigation": "off",
            "load_balancing_cross_zone_enabled": "use_load_balancer_configuration",
            "name": "connected-car-ingest-api-tg",
            "name_prefix": "",
            "port": 8080,
            "preserve_client_ip": null,
            "protocol": "HTTP",
            "protocol_version": "HTTP1",
            "proxy_protocol_v2": false,
            "slow_start": 0,
            "stickiness": [
              {
                "cookie_duration": 86400,
                "cookie_name": "",
                "enabled": false,
                "type": "lb_cookie"
              }
            ],
            "tags": {
              "Environment": "Development",
              "Name": "connected-car-ingest-api-tg",
              "Project": "var.project_name"
            },
            "tags_all": {
              "Environment": "Development",
              "Name": "connected-car-ingest-api-tg",
              "Project": "var.project_name"
            },
            "target_failover": [
              {
                "on_deregistration": null,
                "on_unhealthy": null
              }
            ],
            "target_group_health": [
              {
                "dns_failover": [
                  {
                    "minimum_healthy_targets_count": "1",
                    "minimum_healthy_targets_percentage": "off"
                  }
                ],
                "unhealthy_state_routing": [
                  {
                    "minimum_healthy_targets_count": 1,
                    "minimum_healthy_targets_percentage": "off"
                  }
                ]
              }
            ],
            "target_health_state": [
              {
                "enable_unhealthy_connection_termination": null,
                "unhealthy_draining_interval": null
              }
            ],
            "target_type": "ip",
            "vpc_id": "vpc-0f74c1aa442674ace"
          },
          "sensitive_attributes": [],
          "identity_schema_version": 0,
          "private": "bnVsbA==",
          "dependencies": [
            "aws_vpc.connected_car_vpc"
          ]
        }
      ]
    },
    {
      "mode": "managed",
      "type": "aws_nat_gateway",
      "name": "connected_car_nat_gw",
      "provider": "provider[\"registry.terraform.io/hashicorp/aws\"]",
      "instances": [
        {
          "schema_version": 0,
          "attributes": {
            "allocation_id": "eipalloc-07e0b205aea4a2a9f",
            "association_id": "eipassoc-059403a3aec6f7d33",
            "connectivity_type": "public",
            "id": "nat-0acfab2d3c8a68335",
            "network_interface_id": "eni-07b2041b31e725616",
            "private_ip": "10.0.12.8",
            "public_ip": "3.69.193.186",
            "secondary_allocation_ids": [],
            "secondary_private_ip_address_count": 0,
            "secondary_private_ip_addresses": [],
            "subnet_id": "subnet-05f39788a6173be92",
            "tags": {
              "Environment": "Development",
              "Name": "connected-car-nat-gw",
              "Project": "connected-car"
            },
            "tags_all": {
              "Environment": "Development",
              "Name": "connected-car-nat-gw",
              "Project": "connected-car"
            },
            "timeouts": null
          },
          "sensitive_attributes": [],
          "identity_schema_version": 0,
          "private": "eyJlMmJmYjczMC1lY2FhLTExZTYtOGY4OC0zNDM2M2JjN2M0YzAiOnsiY3JlYXRlIjo2MDAwMDAwMDAwMDAsImRlbGV0ZSI6MTgwMDAwMDAwMDAwMCwidXBkYXRlIjo2MDAwMDAwMDAwMDB9fQ==",
          "dependencies": [
            "aws_eip.connected_car_nat_eip",
            "aws_internet_gateway.connected_car_igw",
            "aws_subnet.connected_car_public_subnet",
            "aws_vpc.connected_car_vpc"
          ]
        }
      ]
    },
    {
      "mode": "managed",
      "type": "aws_route_table",
      "name": "connected_car_private_rt",
      "provider": "provider[\"registry.terraform.io/hashicorp/aws\"]",
      "instances": [
        {
          "schema_version": 0,
          "attributes": {
            "arn": "arn:aws:ec2:eu-central-1:136770600242:route-table/rtb-0568bb0bff3221837",
            "id": "rtb-0568bb0bff3221837",
            "owner_id": "136770600242",
            "propagating_vgws": [],
            "route": [
              {
                "carrier_gateway_id": "",
                "cidr_block": "0.0.0.0/0",
                "core_network_arn": "",
                "destination_prefix_list_id": "",
                "egress_only_gateway_id": "",
                "gateway_id": "",
                "ipv6_cidr_block": "",
                "local_gateway_id": "",
                "nat_gateway_id": "nat-0acfab2d3c8a68335",
                "network_interface_id": "",
                "transit_gateway_id": "",
                "vpc_endpoint_id": "",
                "vpc_peering_connection_id": ""
              }
            ],
            "tags": {
              "Environment": "Development",
              "Name": "connected-car-private-rt",
              "Project": "connected-car"
            },
            "tags_all": {
              "Environment": "Development",
              "Name": "connected-car-private-rt",
              "Project": "connected-car"
            },
            "timeouts": null,
            "vpc_id": "vpc-0f74c1aa442674ace"
          },
          "sensitive_attributes": [],
          "identity_schema_version": 0,
          "private": "eyJlMmJmYjczMC1lY2FhLTExZTYtOGY4OC0zNDM2M2JjN2M0YzAiOnsiY3JlYXRlIjozMDAwMDAwMDAwMDAsImRlbGV0ZSI6MzAwMDAwMDAwMDAwLCJ1cGRhdGUiOjEyMDAwMDAwMDAwMH19",
          "dependencies": [
            "aws_eip.connected_car_nat_eip",
            "aws_internet_gateway.connected_car_igw",
            "aws_nat_gateway.connected_car_nat_gw",
            "aws_subnet.connected_car_public_subnet",
            "aws_vpc.connected_car_vpc"
          ]
        }
      ]
    },
    {
      "mode": "managed",
      "type": "aws_route_table",
      "name": "connected_car_public_rt",
      "provider": "provider[\"registry.terraform.io/hashicorp/aws\"]",
      "instances": [
        {
          "schema_version": 0,
          "attributes": {
            "arn": "arn:aws:ec2:eu-central-1:136770600242:route-table/rtb-05d96ba835b9cf468",
            "id": "rtb-05d96ba835b9cf468",
            "owner_id": "136770600242",
            "propagating_vgws": [],
            "route": [
              {
                "carrier_gateway_id": "",
                "cidr_block": "0.0.0.0/0",
                "core_network_arn": "",
                "destination_prefix_list_id": "",
                "egress_only_gateway_id": "",
                "gateway_id": "igw-0344e80cd6fb04b99",
                "ipv6_cidr_block": "",
                "local_gateway_id": "",
                "nat_gateway_id": "",
                "network_interface_id": "",
                "transit_gateway_id": "",
                "vpc_endpoint_id": "",
                "vpc_peering_connection_id": ""
              }
            ],
            "tags": {
              "Environment": "Development",
              "Name": "connected-car-public-rt",
              "Project": "connected-car"
            },
            "tags_all": {
              "Environment": "Development",
              "Name": "connected-car-public-rt",
              "Project": "connected-car"
            },
            "timeouts": null,
            "vpc_id": "vpc-0f74c1aa442674ace"
          },
          "sensitive_attributes": [],
          "identity_schema_version": 0,
          "private": "eyJlMmJmYjczMC1lY2FhLTExZTYtOGY4OC0zNDM2M2JjN2M0YzAiOnsiY3JlYXRlIjozMDAwMDAwMDAwMDAsImRlbGV0ZSI6MzAwMDAwMDAwMDAwLCJ1cGRhdGUiOjEyMDAwMDAwMDAwMH19",
          "dependencies": [
            "aws_internet_gateway.connected_car_igw",
            "aws_vpc.connected_car_vpc"
          ]
        }
      ]
    },
    {
      "mode": "managed",
      "type": "aws_route_table_association",
      "name": "connected_car_private_rt_assoc",
      "provider": "provider[\"registry.terraform.io/hashicorp/aws\"]",
      "instances": [
        {
          "index_key": 0,
          "schema_version": 0,
          "attributes": {
            "gateway_id": "",
            "id": "rtbassoc-0cb7ced3417669170",
            "route_table_id": "rtb-0568bb0bff3221837",
            "subnet_id": "subnet-076ae97e7d57a0248",
            "timeouts": null
          },
          "sensitive_attributes": [],
          "identity_schema_version": 0,
          "private": "eyJlMmJmYjczMC1lY2FhLTExZTYtOGY4OC0zNDM2M2JjN2M0YzAiOnsiY3JlYXRlIjozMDAwMDAwMDAwMDAsImRlbGV0ZSI6MzAwMDAwMDAwMDAwLCJ1cGRhdGUiOjEyMDAwMDAwMDAwMH19",
          "dependencies": [
            "aws_eip.connected_car_nat_eip",
            "aws_internet_gateway.connected_car_igw",
            "aws_nat_gateway.connected_car_nat_gw",
            "aws_route_table.connected_car_private_rt",
            "aws_subnet.connected_car_private_subnet",
            "aws_subnet.connected_car_public_subnet",
            "aws_vpc.connected_car_vpc"
          ]
        },
        {
          "index_key": 1,
          "schema_version": 0,
          "attributes": {
            "gateway_id": "",
            "id": "rtbassoc-08b568dd73dffd479",
            "route_table_id": "rtb-0568bb0bff3221837",
            "subnet_id": "subnet-0d0e516d7db3cb556",
            "timeouts": null
          },
          "sensitive_attributes": [],
          "identity_schema_version": 0,
          "private": "eyJlMmJmYjczMC1lY2FhLTExZTYtOGY4OC0zNDM2M2JjN2M0YzAiOnsiY3JlYXRlIjozMDAwMDAwMDAwMDAsImRlbGV0ZSI6MzAwMDAwMDAwMDAwLCJ1cGRhdGUiOjEyMDAwMDAwMDAwMH19",
          "dependencies": [
            "aws_eip.connected_car_nat_eip",
            "aws_internet_gateway.connected_car_igw",
            "aws_nat_gateway.connected_car_nat_gw",
            "aws_route_table.connected_car_private_rt",
            "aws_subnet.connected_car_private_subnet",
            "aws_subnet.connected_car_public_subnet",
            "aws_vpc.connected_car_vpc"
          ]
        }
      ]
    },
    {
      "mode": "managed",
      "type": "aws_route_table_association",
      "name": "connected_car_public_rt_assoc",
      "provider": "provider[\"registry.terraform.io/hashicorp/aws\"]",
      "instances": [
        {
          "index_key": 0,
          "schema_version": 0,
          "attributes": {
            "gateway_id": "",
            "id": "rtbassoc-003482e2e8f23a4de",
            "route_table_id": "rtb-05d96ba835b9cf468",
            "subnet_id": "subnet-05f39788a6173be92",
            "timeouts": null
          },
          "sensitive_attributes": [],
          "identity_schema_version": 0,
          "private": "eyJlMmJmYjczMC1lY2FhLTExZTYtOGY4OC0zNDM2M2JjN2M0YzAiOnsiY3JlYXRlIjozMDAwMDAwMDAwMDAsImRlbGV0ZSI6MzAwMDAwMDAwMDAwLCJ1cGRhdGUiOjEyMDAwMDAwMDAwMH19",
          "dependencies": [
            "aws_internet_gateway.connected_car_igw",
            "aws_route_table.connected_car_public_rt",
            "aws_subnet.connected_car_public_subnet",
            "aws_vpc.connected_car_vpc"
          ]
        },
        {
          "index_key": 1,
          "schema_version": 0,
          "attributes": {
            "gateway_id": "",
            "id": "rtbassoc-095acdbe03faa14c7",
            "route_table_id": "rtb-05d96ba835b9cf468",
            "subnet_id": "subnet-014a53c97826eaf9c",
            "timeouts": null
          },
          "sensitive_attributes": [],
          "identity_schema_version": 0,
          "private": "eyJlMmJmYjczMC1lY2FhLTExZTYtOGY4OC0zNDM2M2JjN2M0YzAiOnsiY3JlYXRlIjozMDAwMDAwMDAwMDAsImRlbGV0ZSI6MzAwMDAwMDAwMDAwLCJ1cGRhdGUiOjEyMDAwMDAwMDAwMH19",
          "dependencies": [
            "aws_internet_gateway.connected_car_igw",
            "aws_route_table.connected_car_public_rt",
            "aws_subnet.connected_car_public_subnet",
            "aws_vpc.connected_car_vpc"
          ]
        }
      ]
    },
    {
      "mode": "managed",
      "type": "aws_security_group",
      "name": "alb_security_group",
      "provider": "provider[\"registry.terraform.io/hashicorp/aws\"]",
      "instances": [
        {
          "schema_version": 1,
          "attributes": {
            "arn": "arn:aws:ec2:eu-central-1:136770600242:security-group/sg-0f8bc30bc3b0ecf53",
            "description": "Security group for ALB",
            "egress": [
              {
                "cidr_blocks": [
                  "0.0.0.0/0"
                ],
                "description": "",
                "from_port": 0,
                "ipv6_cidr_blocks": [],
                "prefix_list_ids": [],
                "protocol": "-1",
                "security_groups": [],
                "self": false,
                "to_port": 0
              }
            ],
            "id": "sg-0f8bc30bc3b0ecf53",
            "ingress": [
              {
                "cidr_blocks": [
                  "0.0.0.0/0"
                ],
                "description": "",
                "from_port": 80,
                "ipv6_cidr_blocks": [],
                "prefix_list_ids": [],
                "protocol": "tcp",
                "security_groups": [],
                "self": false,
                "to_port": 80
              }
            ],
            "name": "connected-car-alb-sg",
            "name_prefix": "",
            "owner_id": "136770600242",
            "revoke_rules_on_delete": false,
            "tags": {
              "Environment": "Development",
              "Name": "connected-car-alb-sg",
              "Project": "var.project_name"
            },
            "tags_all": {
              "Environment": "Development",
              "Name": "connected-car-alb-sg",
              "Project": "var.project_name"
            },
            "timeouts": null,
            "vpc_id": "vpc-0f74c1aa442674ace"
          },
          "sensitive_attributes": [],
          "identity_schema_version": 0,
          "private": "eyJlMmJmYjczMC1lY2FhLTExZTYtOGY4OC0zNDM2M2JjN2M0YzAiOnsiY3JlYXRlIjo2MDAwMDAwMDAwMDAsImRlbGV0ZSI6OTAwMDAwMDAwMDAwfSwic2NoZW1hX3ZlcnNpb24iOiIxIn0=",
          "dependencies": [
            "aws_vpc.connected_car_vpc"
          ]
        }
      ]
    },
    {
      "mode": "managed",
      "type": "aws_security_group",
      "name": "ecs_service",
      "provider": "provider[\"registry.terraform.io/hashicorp/aws\"]",
      "instances": [
        {
          "schema_version": 1,
          "attributes": {
            "arn": "arn:aws:ec2:eu-central-1:136770600242:security-group/sg-0866cc45b0efaf6c6",
            "description": "Security group for ECS tasks",
            "egress": [
              {
                "cidr_blocks": [
                  "0.0.0.0/0"
                ],
                "description": "",
                "from_port": 0,
                "ipv6_cidr_blocks": [],
                "prefix_list_ids": [],
                "protocol": "-1",
                "security_groups": [],
                "self": false,
                "to_port": 0
              }
            ],
            "id": "sg-0866cc45b0efaf6c6",
            "ingress": [
              {
                "cidr_blocks": [],
                "description": "",
                "from_port": 8080,
                "ipv6_cidr_blocks": [],
                "prefix_list_ids": [],
                "protocol": "tcp",
                "security_groups": [
                  "sg-0f8bc30bc3b0ecf53"
                ],
                "self": false,
                "to_port": 8080
              }
            ],
            "name": "connected-car-ecs-tasks-sg",
            "name_prefix": "",
            "owner_id": "136770600242",
            "revoke_rules_on_delete": false,
            "tags": {
              "Environment": "Development",
              "Name": "connected-car-ecs-service-sg",
              "Project": "var.project_name"
            },
            "tags_all": {
              "Environment": "Development",
              "Name": "connected-car-ecs-service-sg",
              "Project": "var.project_name"
            },
            "timeouts": null,
            "vpc_id": "vpc-0f74c1aa442674ace"
          },
          "sensitive_attributes": [],
          "identity_schema_version": 0,
          "private": "eyJlMmJmYjczMC1lY2FhLTExZTYtOGY4OC0zNDM2M2JjN2M0YzAiOnsiY3JlYXRlIjo2MDAwMDAwMDAwMDAsImRlbGV0ZSI6OTAwMDAwMDAwMDAwfSwic2NoZW1hX3ZlcnNpb24iOiIxIn0=",
          "dependencies": [
            "aws_security_group.alb_security_group",
            "aws_vpc.connected_car_vpc"
          ]
        }
      ]
    },
    {
      "mode": "managed",
      "type": "aws_sqs_queue",
      "name": "sensor_queue",
      "provider": "provider[\"registry.terraform.io/hashicorp/aws\"]",
      "instances": [
        {
          "schema_version": 0,
          "attributes": {
            "arn": "arn:aws:sqs:eu-central-1:136770600242:connected-car-sensor-data-queue",
            "content_based_deduplication": false,
            "deduplication_scope": "",
            "delay_seconds": 0,
            "fifo_queue": false,
            "fifo_throughput_limit": "",
            "id": "https://sqs.eu-central-1.amazonaws.com/136770600242/connected-car-sensor-data-queue",
            "kms_data_key_reuse_period_seconds": 300,
            "kms_master_key_id": "",
            "max_message_size": 262144,
            "message_retention_seconds": 86400,
            "name": "connected-car-sensor-data-queue",
            "name_prefix": "",
            "policy": "",
            "receive_wait_time_seconds": 0,
            "redrive_allow_policy": "",
            "redrive_policy": "",
            "sqs_managed_sse_enabled": true,
            "tags": {
              "Environment": "Developement",
              "Project": "connected-car"
            },
            "tags_all": {
              "Environment": "Developement",
              "Project": "connected-car"
            },
            "timeouts": null,
            "url": "https://sqs.eu-central-1.amazonaws.com/136770600242/connected-car-sensor-data-queue",
            "visibility_timeout_seconds": 30
          },
          "sensitive_attributes": [],
          "identity_schema_version": 0,
          "private": "eyJlMmJmYjczMC1lY2FhLTExZTYtOGY4OC0zNDM2M2JjN2M0YzAiOnsiY3JlYXRlIjoxODAwMDAwMDAwMDAsImRlbGV0ZSI6MTgwMDAwMDAwMDAwLCJ1cGRhdGUiOjE4MDAwMDAwMDAwMH19"
        }
      ]
    },
    {
      "mode": "managed",
      "type": "aws_subnet",
      "name": "connected_car_private_subnet",
      "provider": "provider[\"registry.terraform.io/hashicorp/aws\"]",
      "instances": [
        {
          "index_key": 0,
          "schema_version": 1,
          "attributes": {
            "arn": "arn:aws:ec2:eu-central-1:136770600242:subnet/subnet-076ae97e7d57a0248",
            "assign_ipv6_address_on_creation": false,
            "availability_zone": "eu-central-1a",
            "availability_zone_id": "euc1-az2",
            "cidr_block": "10.0.32.0/20",
            "customer_owned_ipv4_pool": "",
            "enable_dns64": false,
            "enable_lni_at_device_index": 0,
            "enable_resource_name_dns_a_record_on_launch": false,
            "enable_resource_name_dns_aaaa_record_on_launch": false,
            "id": "subnet-076ae97e7d57a0248",
            "ipv6_cidr_block": "",
            "ipv6_cidr_block_association_id": "",
            "ipv6_native": false,
            "map_customer_owned_ip_on_launch": false,
            "map_public_ip_on_launch": false,
            "outpost_arn": "",
            "owner_id": "136770600242",
            "private_dns_hostname_type_on_launch": "ip-name",
            "tags": {
              "Environment": "Development",
              "Name": "connected-car-private-subnet-1",
              "Project": "connected-car",
              "Tier": "private"
            },
            "tags_all": {
              "Environment": "Development",
              "Name": "connected-car-private-subnet-1",
              "Project": "connected-car",
              "Tier": "private"
            },
            "timeouts": null,
            "vpc_id": "vpc-0f74c1aa442674ace"
          },
          "sensitive_attributes": [],
          "identity_schema_version": 0,
          "private": "eyJlMmJmYjczMC1lY2FhLTExZTYtOGY4OC0zNDM2M2JjN2M0YzAiOnsiY3JlYXRlIjo2MDAwMDAwMDAwMDAsImRlbGV0ZSI6MTIwMDAwMDAwMDAwMH0sInNjaGVtYV92ZXJzaW9uIjoiMSJ9",
          "dependencies": [
            "aws_vpc.connected_car_vpc"
          ]
        },
        {
          "index_key": 1,
          "schema_version": 1,
          "attributes": {
            "arn": "arn:aws:ec2:eu-central-1:136770600242:subnet/subnet-0d0e516d7db3cb556",
            "assign_ipv6_address_on_creation": false,
            "availability_zone": "eu-central-1b",
            "availability_zone_id": "euc1-az3",
            "cidr_block": "10.0.48.0/20",
            "customer_owned_ipv4_pool": "",
            "enable_dns64": false,
            "enable_lni_at_device_index": 0,
            "enable_resource_name_dns_a_record_on_launch": false,
            "enable_resource_name_dns_aaaa_record_on_launch": false,
            "id": "subnet-0d0e516d7db3cb556",
            "ipv6_cidr_block": "",
            "ipv6_cidr_block_association_id": "",
            "ipv6_native": false,
            "map_customer_owned_ip_on_launch": false,
            "map_public_ip_on_launch": false,
            "outpost_arn": "",
            "owner_id": "136770600242",
            "private_dns_hostname_type_on_launch": "ip-name",
            "tags": {
              "Environment": "Development",
              "Name": "connected-car-private-subnet-2",
              "Project": "connected-car",
              "Tier": "private"
            },
            "tags_all": {
              "Environment": "Development",
              "Name": "connected-car-private-subnet-2",
              "Project": "connected-car",
              "Tier": "private"
            },
            "timeouts": null,
            "vpc_id": "vpc-0f74c1aa442674ace"
          },
          "sensitive_attributes": [],
          "identity_schema_version": 0,
          "private": "eyJlMmJmYjczMC1lY2FhLTExZTYtOGY4OC0zNDM2M2JjN2M0YzAiOnsiY3JlYXRlIjo2MDAwMDAwMDAwMDAsImRlbGV0ZSI6MTIwMDAwMDAwMDAwMH0sInNjaGVtYV92ZXJzaW9uIjoiMSJ9",
          "dependencies": [
            "aws_vpc.connected_car_vpc"
          ]
        }
      ]
    },
    {
      "mode": "managed",
      "type": "aws_subnet",
      "name": "connected_car_public_subnet",
      "provider": "provider[\"registry.terraform.io/hashicorp/aws\"]",
      "instances": [
        {
          "index_key": 0,
          "schema_version": 1,
          "attributes": {
            "arn": "arn:aws:ec2:eu-central-1:136770600242:subnet/subnet-05f39788a6173be92",
            "assign_ipv6_address_on_creation": false,
            "availability_zone": "eu-central-1a",
            "availability_zone_id": "euc1-az2",
            "cidr_block": "10.0.0.0/20",
            "customer_owned_ipv4_pool": "",
            "enable_dns64": false,
            "enable_lni_at_device_index": 0,
            "enable_resource_name_dns_a_record_on_launch": false,
            "enable_resource_name_dns_aaaa_record_on_launch": false,
            "id": "subnet-05f39788a6173be92",
            "ipv6_cidr_block": "",
            "ipv6_cidr_block_association_id": "",
            "ipv6_native": false,
            "map_customer_owned_ip_on_launch": false,
            "map_public_ip_on_launch": false,
            "outpost_arn": "",
            "owner_id": "136770600242",
            "private_dns_hostname_type_on_launch": "ip-name",
            "tags": {
              "Environment": "Development",
              "Name": "connected-car-public-subnet-1",
              "Project": "connected-car",
              "Tier": "public"
            },
            "tags_all": {
              "Environment": "Development",
              "Name": "connected-car-public-subnet-1",
              "Project": "connected-car",
              "Tier": "public"
            },
            "timeouts": null,
            "vpc_id": "vpc-0f74c1aa442674ace"
          },
          "sensitive_attributes": [],
          "identity_schema_version": 0,
          "private": "eyJlMmJmYjczMC1lY2FhLTExZTYtOGY4OC0zNDM2M2JjN2M0YzAiOnsiY3JlYXRlIjo2MDAwMDAwMDAwMDAsImRlbGV0ZSI6MTIwMDAwMDAwMDAwMH0sInNjaGVtYV92ZXJzaW9uIjoiMSJ9",
          "dependencies": [
            "aws_vpc.connected_car_vpc"
          ]
        },
        {
          "index_key": 1,
          "schema_version": 1,
          "attributes": {
            "arn": "arn:aws:ec2:eu-central-1:136770600242:subnet/subnet-014a53c97826eaf9c",
            "assign_ipv6_address_on_creation": false,
            "availability_zone": "eu-central-1b",
            "availability_zone_id": "euc1-az3",
            "cidr_block": "10.0.16.0/20",
            "customer_owned_ipv4_pool": "",
            "enable_dns64": false,
            "enable_lni_at_device_index": 0,
            "enable_resource_name_dns_a_record_on_launch": false,
            "enable_resource_name_dns_aaaa_record_on_launch": false,
            "id": "subnet-014a53c97826eaf9c",
            "ipv6_cidr_block": "",
            "ipv6_cidr_block_association_id": "",
            "ipv6_native": false,
            "map_customer_owned_ip_on_launch": false,
            "map_public_ip_on_launch": false,
            "outpost_arn": "",
            "owner_id": "136770600242",
            "private_dns_hostname_type_on_launch": "ip-name",
            "tags": {
              "Environment": "Development",
              "Name": "connected-car-public-subnet-2",
              "Project": "connected-car",
              "Tier": "public"
            },
            "tags_all": {
              "Environment": "Development",
              "Name": "connected-car-public-subnet-2",
              "Project": "connected-car",
              "Tier": "public"
            },
            "timeouts": null,
            "vpc_id": "vpc-0f74c1aa442674ace"
          },
          "sensitive_attributes": [],
          "identity_schema_version": 0,
          "private": "eyJlMmJmYjczMC1lY2FhLTExZTYtOGY4OC0zNDM2M2JjN2M0YzAiOnsiY3JlYXRlIjo2MDAwMDAwMDAwMDAsImRlbGV0ZSI6MTIwMDAwMDAwMDAwMH0sInNjaGVtYV92ZXJzaW9uIjoiMSJ9",
          "dependencies": [
            "aws_vpc.connected_car_vpc"
          ]
        }
      ]
    },
    {
      "mode": "managed",
      "type": "aws_vpc",
      "name": "connected_car_vpc",
      "provider": "provider[\"registry.terraform.io/hashicorp/aws\"]",
      "instances": [
        {
          "schema_version": 1,
          "attributes": {
            "arn": "arn:aws:ec2:eu-central-1:136770600242:vpc/vpc-0f74c1aa442674ace",
            "assign_generated_ipv6_cidr_block": false,
            "cidr_block": "10.0.0.0/16",
            "default_network_acl_id": "acl-0cd1bfbaf02b9e2cb",
            "default_route_table_id": "rtb-025ddf11aecf95053",
            "default_security_group_id": "sg-0ae67a22ffc50ec5b",
            "dhcp_options_id": "dopt-0a64eac111b48013e",
            "enable_dns_hostnames": true,
            "enable_dns_support": true,
            "enable_network_address_usage_metrics": false,
            "id": "vpc-0f74c1aa442674ace",
            "instance_tenancy": "default",
            "ipv4_ipam_pool_id": null,
            "ipv4_netmask_length": null,
            "ipv6_association_id": "",
            "ipv6_cidr_block": "",
            "ipv6_cidr_block_network_border_group": "",
            "ipv6_ipam_pool_id": "",
            "ipv6_netmask_length": 0,
            "main_route_table_id": "rtb-025ddf11aecf95053",
            "owner_id": "136770600242",
            "tags": {
              "Environment": "Development",
              "ManagedBy": "Terraform",
              "Name": "connected-car-vpc",
              "Project": "connected-car"
            },
            "tags_all": {
              "Environment": "Development",
              "ManagedBy": "Terraform",
              "Name": "connected-car-vpc",
              "Project": "connected-car"
            }
          },
          "sensitive_attributes": [],
          "identity_schema_version": 0,
          "private": "eyJzY2hlbWFfdmVyc2lvbiI6IjEifQ=="
        }
      ]
    }
  ],
  "check_results": null
}
